
Microsoft Visual Studio Solution File, Format Version 12.00
# Visual Studio Version 16
VisualStudioVersion = 16.0.30413.136
MinimumVisualStudioVersion = 10.0.40219.1
Project("{FAE04EC0-301F-11D3-BF4B-00C04F79EFBC}") = "AutomationFramework", "AutomationFramework.csproj", "{62751447-1067-46CF-A1C0-910ED5072A9A}"
EndProject
Project("{FAE04EC0-301F-11D3-BF4B-00C04F79EFBC}") = "TestPractice", "TestPractice\TestPractice.csproj", "{D158724F-5C94-40B2-B798-5B40B293B50C}"
EndProject
Global
	GlobalSection(SolutionConfigurationPlatforms) = preSolution
		Debug|Any CPU = Debug|Any CPU
		Release|Any CPU = Release|Any CPU
	EndGlobalSection
	GlobalSection(ProjectConfigurationPlatforms) = postSolution
		{62751447-1067-46CF-A1C0-910ED5072A9A}.Debug|Any CPU.ActiveCfg = Debug|Any CPU
		{62751447-1067-46CF-A1C0-910ED5072A9A}.Debug|Any CPU.Build.0 = Debug|Any CPU
		{62751447-1067-46CF-A1C0-910ED5072A9A}.Release|Any CPU.ActiveCfg = Release|Any CPU
		{62751447-1067-46CF-A1C0-910ED5072A9A}.Release|Any CPU.Build.0 = Release|Any CPU
		{D158724F-5C94-40B2-B798-5B40B293B50C}.Debug|Any CPU.ActiveCfg = Debug|Any CPU
		{D158724F-5C94-40B2-B798-5B40B293B50C}.Debug|Any CPU.Build.0 = Debug|Any CPU
		{D158724F-5C94-40B2-B798-5B40B293B50C}.Release|Any CPU.ActiveCfg = Release|Any CPU
		{D158724F-5C94-40B2-B798-5B40B293B50C}.Release|Any CPU.Build.0 = Release|Any CPU
	EndGlobalSection
	GlobalSection(SolutionProperties) = preSolution
		HideSolutionNode = FALSE
	EndGlobalSection
	GlobalSection(ExtensibilityGlobals) = postSolution
		SolutionGuid = {E501661B-3E47-47DD-B793-B488E9F8064D}
	EndGlobalSection
EndGlobal
